
Microsoft Visual Studio Solution File, Format Version 12.00
# Visual Studio Version 16
VisualStudioVersion = 16.0.30907.101
MinimumVisualStudioVersion = 10.0.40219.1
Project("{8BC9CEB8-8B4A-11D0-8D11-00A0C91BC942}") = "THREA", "THREA\THREA.vcxproj", "{3AC411DC-AE89-427E-B7BD-DAF34495971F}"
EndProject
Project("{8BC9CEB8-8B4A-11D0-8D11-00A0C91BC942}") = "Hello", "Hello\Hello.vcxproj", "{7BF4D949-45A6-4C3E-8C35-6FD4248FA8A4}"
EndProject
Project("{8BC9CEB8-8B4A-11D0-8D11-00A0C91BC942}") = "MAIN0", "MAIN0\MAIN0.vcxproj", "{B44CB6B4-12A0-40EF-B5C7-9FC5295D13FE}"
EndProject
Project("{8BC9CEB8-8B4A-11D0-8D11-00A0C91BC942}") = "REFER", "REFER\REFER.vcxproj", "{2CD64760-7FB1-4361-AE56-94EB03B85D23}"
EndProject
Project("{8BC9CEB8-8B4A-11D0-8D11-00A0C91BC942}") = "CHAIN", "CHAIN\CHAIN.vcxproj", "{84ABAD40-F575-4A75-9DBC-BD5C1EA34570}"
EndProject
Project("{8BC9CEB8-8B4A-11D0-8D11-00A0C91BC942}") = "CLASS", "CLASS\CLASS.vcxproj", "{F3F55AFC-8B98-458B-8F1E-E02181599BCE}"
EndProject
Project("{8BC9CEB8-8B4A-11D0-8D11-00A0C91BC942}") = "CONST", "CONST\CONST.vcxproj", "{01D79D66-2E3E-44C9-BBD4-3630B82E860B}"
EndProject
Project("{8BC9CEB8-8B4A-11D0-8D11-00A0C91BC942}") = "RECUR", "RECUR\RECUR.vcxproj", "{EAD845CB-4B85-412C-8545-1C263F5F4049}"
EndProject
Project("{8BC9CEB8-8B4A-11D0-8D11-00A0C91BC942}") = "CALCP", "CALCP\CALCP.vcxproj", "{122CADE8-57B7-43C9-8FC2-842A1B2038B3}"
EndProject
Global
	GlobalSection(SolutionConfigurationPlatforms) = preSolution
		Debug|x64 = Debug|x64
		Debug|x86 = Debug|x86
		Release|x64 = Release|x64
		Release|x86 = Release|x86
	EndGlobalSection
	GlobalSection(ProjectConfigurationPlatforms) = postSolution
		{3AC411DC-AE89-427E-B7BD-DAF34495971F}.Debug|x64.ActiveCfg = Debug|x64
		{3AC411DC-AE89-427E-B7BD-DAF34495971F}.Debug|x64.Build.0 = Debug|x64
		{3AC411DC-AE89-427E-B7BD-DAF34495971F}.Debug|x86.ActiveCfg = Debug|Win32
		{3AC411DC-AE89-427E-B7BD-DAF34495971F}.Debug|x86.Build.0 = Debug|Win32
		{3AC411DC-AE89-427E-B7BD-DAF34495971F}.Release|x64.ActiveCfg = Release|x64
		{3AC411DC-AE89-427E-B7BD-DAF34495971F}.Release|x64.Build.0 = Release|x64
		{3AC411DC-AE89-427E-B7BD-DAF34495971F}.Release|x86.ActiveCfg = Release|Win32
		{3AC411DC-AE89-427E-B7BD-DAF34495971F}.Release|x86.Build.0 = Release|Win32
		{7BF4D949-45A6-4C3E-8C35-6FD4248FA8A4}.Debug|x64.ActiveCfg = Debug|x64
		{7BF4D949-45A6-4C3E-8C35-6FD4248FA8A4}.Debug|x64.Build.0 = Debug|x64
		{7BF4D949-45A6-4C3E-8C35-6FD4248FA8A4}.Debug|x86.ActiveCfg = Debug|Win32
		{7BF4D949-45A6-4C3E-8C35-6FD4248FA8A4}.Debug|x86.Build.0 = Debug|Win32
		{7BF4D949-45A6-4C3E-8C35-6FD4248FA8A4}.Release|x64.ActiveCfg = Release|x64
		{7BF4D949-45A6-4C3E-8C35-6FD4248FA8A4}.Release|x64.Build.0 = Release|x64
		{7BF4D949-45A6-4C3E-8C35-6FD4248FA8A4}.Release|x86.ActiveCfg = Release|Win32
		{7BF4D949-45A6-4C3E-8C35-6FD4248FA8A4}.Release|x86.Build.0 = Release|Win32
		{B44CB6B4-12A0-40EF-B5C7-9FC5295D13FE}.Debug|x64.ActiveCfg = Debug|x64
		{B44CB6B4-12A0-40EF-B5C7-9FC5295D13FE}.Debug|x64.Build.0 = Debug|x64
		{B44CB6B4-12A0-40EF-B5C7-9FC5295D13FE}.Debug|x86.ActiveCfg = Debug|Win32
		{B44CB6B4-12A0-40EF-B5C7-9FC5295D13FE}.Debug|x86.Build.0 = Debug|Win32
		{B44CB6B4-12A0-40EF-B5C7-9FC5295D13FE}.Release|x64.ActiveCfg = Release|x64
		{B44CB6B4-12A0-40EF-B5C7-9FC5295D13FE}.Release|x64.Build.0 = Release|x64
		{B44CB6B4-12A0-40EF-B5C7-9FC5295D13FE}.Release|x86.ActiveCfg = Release|Win32
		{B44CB6B4-12A0-40EF-B5C7-9FC5295D13FE}.Release|x86.Build.0 = Release|Win32
		{2CD64760-7FB1-4361-AE56-94EB03B85D23}.Debug|x64.ActiveCfg = Debug|x64
		{2CD64760-7FB1-4361-AE56-94EB03B85D23}.Debug|x64.Build.0 = Debug|x64
		{2CD64760-7FB1-4361-AE56-94EB03B85D23}.Debug|x86.ActiveCfg = Debug|Win32
		{2CD64760-7FB1-4361-AE56-94EB03B85D23}.Debug|x86.Build.0 = Debug|Win32
		{2CD64760-7FB1-4361-AE56-94EB03B85D23}.Release|x64.ActiveCfg = Release|x64
		{2CD64760-7FB1-4361-AE56-94EB03B85D23}.Release|x64.Build.0 = Release|x64
		{2CD64760-7FB1-4361-AE56-94EB03B85D23}.Release|x86.ActiveCfg = Release|Win32
		{2CD64760-7FB1-4361-AE56-94EB03B85D23}.Release|x86.Build.0 = Release|Win32
		{84ABAD40-F575-4A75-9DBC-BD5C1EA34570}.Debug|x64.ActiveCfg = Debug|x64
		{84ABAD40-F575-4A75-9DBC-BD5C1EA34570}.Debug|x64.Build.0 = Debug|x64
		{84ABAD40-F575-4A75-9DBC-BD5C1EA34570}.Debug|x86.ActiveCfg = Debug|Win32
		{84ABAD40-F575-4A75-9DBC-BD5C1EA34570}.Debug|x86.Build.0 = Debug|Win32
		{84ABAD40-F575-4A75-9DBC-BD5C1EA34570}.Release|x64.ActiveCfg = Release|x64
		{84ABAD40-F575-4A75-9DBC-BD5C1EA34570}.Release|x64.Build.0 = Release|x64
		{84ABAD40-F575-4A75-9DBC-BD5C1EA34570}.Release|x86.ActiveCfg = Release|Win32
		{84ABAD40-F575-4A75-9DBC-BD5C1EA34570}.Release|x86.Build.0 = Release|Win32
		{F3F55AFC-8B98-458B-8F1E-E02181599BCE}.Debug|x64.ActiveCfg = Debug|x64
		{F3F55AFC-8B98-458B-8F1E-E02181599BCE}.Debug|x64.Build.0 = Debug|x64
		{F3F55AFC-8B98-458B-8F1E-E02181599BCE}.Debug|x86.ActiveCfg = Debug|Win32
		{F3F55AFC-8B98-458B-8F1E-E02181599BCE}.Debug|x86.Build.0 = Debug|Win32
		{F3F55AFC-8B98-458B-8F1E-E02181599BCE}.Release|x64.ActiveCfg = Release|x64
		{F3F55AFC-8B98-458B-8F1E-E02181599BCE}.Release|x64.Build.0 = Release|x64
		{F3F55AFC-8B98-458B-8F1E-E02181599BCE}.Release|x86.ActiveCfg = Release|Win32
		{F3F55AFC-8B98-458B-8F1E-E02181599BCE}.Release|x86.Build.0 = Release|Win32
		{01D79D66-2E3E-44C9-BBD4-3630B82E860B}.Debug|x64.ActiveCfg = Debug|x64
		{01D79D66-2E3E-44C9-BBD4-3630B82E860B}.Debug|x64.Build.0 = Debug|x64
		{01D79D66-2E3E-44C9-BBD4-3630B82E860B}.Debug|x86.ActiveCfg = Debug|Win32
		{01D79D66-2E3E-44C9-BBD4-3630B82E860B}.Debug|x86.Build.0 = Debug|Win32
		{01D79D66-2E3E-44C9-BBD4-3630B82E860B}.Release|x64.ActiveCfg = Release|x64
		{01D79D66-2E3E-44C9-BBD4-3630B82E860B}.Release|x64.Build.0 = Release|x64
		{01D79D66-2E3E-44C9-BBD4-3630B82E860B}.Release|x86.ActiveCfg = Release|Win32
		{01D79D66-2E3E-44C9-BBD4-3630B82E860B}.Release|x86.Build.0 = Release|Win32
		{EAD845CB-4B85-412C-8545-1C263F5F4049}.Debug|x64.ActiveCfg = Debug|x64
		{EAD845CB-4B85-412C-8545-1C263F5F4049}.Debug|x64.Build.0 = Debug|x64
		{EAD845CB-4B85-412C-8545-1C263F5F4049}.Debug|x86.ActiveCfg = Debug|Win32
		{EAD845CB-4B85-412C-8545-1C263F5F4049}.Debug|x86.Build.0 = Debug|Win32
		{EAD845CB-4B85-412C-8545-1C263F5F4049}.Release|x64.ActiveCfg = Release|x64
		{EAD845CB-4B85-412C-8545-1C263F5F4049}.Release|x64.Build.0 = Release|x64
		{EAD845CB-4B85-412C-8545-1C263F5F4049}.Release|x86.ActiveCfg = Release|Win32
		{EAD845CB-4B85-412C-8545-1C263F5F4049}.Release|x86.Build.0 = Release|Win32
		{122CADE8-57B7-43C9-8FC2-842A1B2038B3}.Debug|x64.ActiveCfg = Debug|x64
		{122CADE8-57B7-43C9-8FC2-842A1B2038B3}.Debug|x64.Build.0 = Debug|x64
		{122CADE8-57B7-43C9-8FC2-842A1B2038B3}.Debug|x86.ActiveCfg = Debug|Win32
		{122CADE8-57B7-43C9-8FC2-842A1B2038B3}.Debug|x86.Build.0 = Debug|Win32
		{122CADE8-57B7-43C9-8FC2-842A1B2038B3}.Release|x64.ActiveCfg = Release|x64
		{122CADE8-57B7-43C9-8FC2-842A1B2038B3}.Release|x64.Build.0 = Release|x64
		{122CADE8-57B7-43C9-8FC2-842A1B2038B3}.Release|x86.ActiveCfg = Release|Win32
		{122CADE8-57B7-43C9-8FC2-842A1B2038B3}.Release|x86.Build.0 = Release|Win32
	EndGlobalSection
	GlobalSection(SolutionProperties) = preSolution
		HideSolutionNode = FALSE
	EndGlobalSection
	GlobalSection(ExtensibilityGlobals) = postSolution
		SolutionGuid = {C955DCC8-3235-4674-8EA9-AAAB04D8529B}
	EndGlobalSection
EndGlobal
